
Microsoft Visual Studio Solution File, Format Version 12.00
# Visual Studio Version 17
VisualStudioVersion = 17.13.35931.197 d17.13
MinimumVisualStudioVersion = 10.0.40219.1
Project("{8BC9CEB8-8B4A-11D0-8D11-00A0C91BC942}") = "MT4", "MT4.vcxproj", "{2A059970-FDB4-4DE4-A413-D02823668536}"
EndProject
Global
	GlobalSection(SolutionConfigurationPlatforms) = preSolution
		Debug|x64 = Debug|x64
		Release|x64 = Release|x64
	EndGlobalSection
	GlobalSection(ProjectConfigurationPlatforms) = postSolution
		{2A059970-FDB4-4DE4-A413-D02823668536}.Debug|x64.ActiveCfg = Debug|x64
		{2A059970-FDB4-4DE4-A413-D02823668536}.Debug|x64.Build.0 = Debug|x64
		{2A059970-FDB4-4DE4-A413-D02823668536}.Release|x64.ActiveCfg = Release|x64
		{2A059970-FDB4-4DE4-A413-D02823668536}.Release|x64.Build.0 = Release|x64
	EndGlobalSection
	GlobalSection(SolutionProperties) = preSolution
		HideSolutionNode = FALSE
	EndGlobalSection
	GlobalSection(ExtensibilityGlobals) = postSolution
		SolutionGuid = {980FC998-1208-4A8A-8F42-3A4F8D8C13DC}
	EndGlobalSection
EndGlobal
